
Microsoft Visual Studio Solution File, Format Version 12.00
# Visual Studio 15
VisualStudioVersion = 15.0.28307.645
MinimumVisualStudioVersion = 10.0.40219.1
Project("{FAE04EC0-301F-11D3-BF4B-00C04F79EFBC}") = "Bookstore", "Bookstore\Bookstore.csproj", "{7513D1DE-31EC-44C7-8E59-A5F92E30813E}"
EndProject
Global
	GlobalSection(SolutionConfigurationPlatforms) = preSolution
		Debug|Any CPU = Debug|Any CPU
		Release|Any CPU = Release|Any CPU
	EndGlobalSection
	GlobalSection(ProjectConfigurationPlatforms) = postSolution
		{7513D1DE-31EC-44C7-8E59-A5F92E30813E}.Debug|Any CPU.ActiveCfg = Debug|Any CPU
		{7513D1DE-31EC-44C7-8E59-A5F92E30813E}.Debug|Any CPU.Build.0 = Debug|Any CPU
		{7513D1DE-31EC-44C7-8E59-A5F92E30813E}.Release|Any CPU.ActiveCfg = Release|Any CPU
		{7513D1DE-31EC-44C7-8E59-A5F92E30813E}.Release|Any CPU.Build.0 = Release|Any CPU
	EndGlobalSection
	GlobalSection(SolutionProperties) = preSolution
		HideSolutionNode = FALSE
	EndGlobalSection
	GlobalSection(ExtensibilityGlobals) = postSolution
		SolutionGuid = {909AF42B-EBD0-4D12-BD39-15F0010A0BEA}
	EndGlobalSection
EndGlobal
